# This file was autogenerated by Stack.
# You should not edit this file by hand.
# For more information, please see the documentation at:
#   https://docs.haskellstack.org/en/stable/lock_files

packages:
- completed:
    hackage: terminfo-0.4.1.4@sha256:64489de75cd4a4a6b427bb870b66274922c851570642e0fd242d320dcb67322b,1658
    pantry-tree:
      size: 870
      sha256: b3847f120a8c97ffa6979635e117da0fc6619f7dce95eb1c661afa600a030e9a
  original:
    hackage: terminfo-0.4.1.4
snapshots:
- completed:
    size: 491163
    url: https://raw.githubusercontent.com/commercialhaskell/stackage-snapshots/master/lts/15/4.yaml
    sha256: bc60043a06b58902b533baa80fb566c0ec495c41e428bc0f8c1e8c15b2a4c468
  original: lts-15.4
